
Microsoft Visual Studio Solution File, Format Version 12.00
# Visual Studio 14
VisualStudioVersion = 14.0.25420.1
MinimumVisualStudioVersion = 10.0.40219.1
Project("{FAE04EC0-301F-11D3-BF4B-00C04F79EFBC}") = "real_estate", "real_estate\real_estate.csproj", "{835ADD34-371D-4729-A680-4BB0DAEDAF69}"
EndProject
Project("{FAE04EC0-301F-11D3-BF4B-00C04F79EFBC}") = "DAL", "DAL\DAL.csproj", "{61671EA9-A17B-4731-9DA3-4821CF2F5D02}"
EndProject
Project("{FAE04EC0-301F-11D3-BF4B-00C04F79EFBC}") = "BAL", "BAL\BAL.csproj", "{D136408E-EBB8-4382-B275-0425B6360F57}"
EndProject
Global
	GlobalSection(SolutionConfigurationPlatforms) = preSolution
		Debug|Any CPU = Debug|Any CPU
		Release|Any CPU = Release|Any CPU
	EndGlobalSection
	GlobalSection(ProjectConfigurationPlatforms) = postSolution
		{835ADD34-371D-4729-A680-4BB0DAEDAF69}.Debug|Any CPU.ActiveCfg = Debug|Any CPU
		{835ADD34-371D-4729-A680-4BB0DAEDAF69}.Debug|Any CPU.Build.0 = Debug|Any CPU
		{835ADD34-371D-4729-A680-4BB0DAEDAF69}.Release|Any CPU.ActiveCfg = Release|Any CPU
		{835ADD34-371D-4729-A680-4BB0DAEDAF69}.Release|Any CPU.Build.0 = Release|Any CPU
		{61671EA9-A17B-4731-9DA3-4821CF2F5D02}.Debug|Any CPU.ActiveCfg = Debug|Any CPU
		{61671EA9-A17B-4731-9DA3-4821CF2F5D02}.Debug|Any CPU.Build.0 = Debug|Any CPU
		{61671EA9-A17B-4731-9DA3-4821CF2F5D02}.Release|Any CPU.ActiveCfg = Release|Any CPU
		{61671EA9-A17B-4731-9DA3-4821CF2F5D02}.Release|Any CPU.Build.0 = Release|Any CPU
		{D136408E-EBB8-4382-B275-0425B6360F57}.Debug|Any CPU.ActiveCfg = Debug|Any CPU
		{D136408E-EBB8-4382-B275-0425B6360F57}.Debug|Any CPU.Build.0 = Debug|Any CPU
		{D136408E-EBB8-4382-B275-0425B6360F57}.Release|Any CPU.ActiveCfg = Release|Any CPU
		{D136408E-EBB8-4382-B275-0425B6360F57}.Release|Any CPU.Build.0 = Release|Any CPU
	EndGlobalSection
	GlobalSection(SolutionProperties) = preSolution
		HideSolutionNode = FALSE
	EndGlobalSection
EndGlobal
